
Microsoft Visual Studio Solution File, Format Version 12.00
# Visual Studio Version 16
VisualStudioVersion = 16.0.31025.194
MinimumVisualStudioVersion = 10.0.40219.1
Project("{9A19103F-16F7-4668-BE54-9A1E7A4F7556}") = "ExchangeRatePoller.ConsoleApp", "ExchangeRatePoller.ConsoleApp\ExchangeRatePoller.ConsoleApp.csproj", "{B73BDC83-BE18-40D6-A4DA-E7517ECE813A}"
EndProject
Project("{9A19103F-16F7-4668-BE54-9A1E7A4F7556}") = "ExchangeRatePoller.Domain", "ExchangeRatePoller.Domain\ExchangeRatePoller.Domain.csproj", "{377FCE8B-A0ED-4EEE-AE20-E2BE777E45C9}"
EndProject
Project("{9A19103F-16F7-4668-BE54-9A1E7A4F7556}") = "ExchangeRatePoller.DataAccess", "ExchangeRatePoller.DataAccess\ExchangeRatePoller.DataAccess.csproj", "{78766A06-7606-4F65-8C61-C61FF8385DBB}"
EndProject
Project("{FAE04EC0-301F-11D3-BF4B-00C04F79EFBC}") = "ExchangeRatePoller.ExchangeRateImporter", "ExchangeRatePoller.ExchangeRateImporter\ExchangeRatePoller.ExchangeRateImporter.csproj", "{048DE2EC-A202-4874-8E48-48CB01962BEB}"
EndProject
Global
	GlobalSection(SolutionConfigurationPlatforms) = preSolution
		Debug|Any CPU = Debug|Any CPU
		Release|Any CPU = Release|Any CPU
	EndGlobalSection
	GlobalSection(ProjectConfigurationPlatforms) = postSolution
		{B73BDC83-BE18-40D6-A4DA-E7517ECE813A}.Debug|Any CPU.ActiveCfg = Debug|Any CPU
		{B73BDC83-BE18-40D6-A4DA-E7517ECE813A}.Debug|Any CPU.Build.0 = Debug|Any CPU
		{B73BDC83-BE18-40D6-A4DA-E7517ECE813A}.Release|Any CPU.ActiveCfg = Release|Any CPU
		{B73BDC83-BE18-40D6-A4DA-E7517ECE813A}.Release|Any CPU.Build.0 = Release|Any CPU
		{377FCE8B-A0ED-4EEE-AE20-E2BE777E45C9}.Debug|Any CPU.ActiveCfg = Debug|Any CPU
		{377FCE8B-A0ED-4EEE-AE20-E2BE777E45C9}.Debug|Any CPU.Build.0 = Debug|Any CPU
		{377FCE8B-A0ED-4EEE-AE20-E2BE777E45C9}.Release|Any CPU.ActiveCfg = Release|Any CPU
		{377FCE8B-A0ED-4EEE-AE20-E2BE777E45C9}.Release|Any CPU.Build.0 = Release|Any CPU
		{78766A06-7606-4F65-8C61-C61FF8385DBB}.Debug|Any CPU.ActiveCfg = Debug|Any CPU
		{78766A06-7606-4F65-8C61-C61FF8385DBB}.Debug|Any CPU.Build.0 = Debug|Any CPU
		{78766A06-7606-4F65-8C61-C61FF8385DBB}.Release|Any CPU.ActiveCfg = Release|Any CPU
		{78766A06-7606-4F65-8C61-C61FF8385DBB}.Release|Any CPU.Build.0 = Release|Any CPU
		{048DE2EC-A202-4874-8E48-48CB01962BEB}.Debug|Any CPU.ActiveCfg = Debug|Any CPU
		{048DE2EC-A202-4874-8E48-48CB01962BEB}.Debug|Any CPU.Build.0 = Debug|Any CPU
		{048DE2EC-A202-4874-8E48-48CB01962BEB}.Release|Any CPU.ActiveCfg = Release|Any CPU
		{048DE2EC-A202-4874-8E48-48CB01962BEB}.Release|Any CPU.Build.0 = Release|Any CPU
	EndGlobalSection
	GlobalSection(SolutionProperties) = preSolution
		HideSolutionNode = FALSE
	EndGlobalSection
	GlobalSection(ExtensibilityGlobals) = postSolution
		SolutionGuid = {8BB90650-2E16-4F1A-BD4B-650014E42F5B}
	EndGlobalSection
EndGlobal
